
Microsoft Visual Studio Solution File, Format Version 12.00
# Visual Studio Version 17
VisualStudioVersion = 17.11.35219.272
MinimumVisualStudioVersion = 10.0.40219.1
Project("{54A90642-561A-4BB1-A94E-469ADEE60C69}") = "APP", "APP\APP.esproj", "{CFEAE448-171F-4C2A-B50E-D24373823DAF}"
EndProject
Global
	GlobalSection(SolutionConfigurationPlatforms) = preSolution
		Debug|Any CPU = Debug|Any CPU
		Release|Any CPU = Release|Any CPU
	EndGlobalSection
	GlobalSection(ProjectConfigurationPlatforms) = postSolution
		{CFEAE448-171F-4C2A-B50E-D24373823DAF}.Debug|Any CPU.ActiveCfg = Debug|Any CPU
		{CFEAE448-171F-4C2A-B50E-D24373823DAF}.Debug|Any CPU.Build.0 = Debug|Any CPU
		{CFEAE448-171F-4C2A-B50E-D24373823DAF}.Debug|Any CPU.Deploy.0 = Debug|Any CPU
		{CFEAE448-171F-4C2A-B50E-D24373823DAF}.Release|Any CPU.ActiveCfg = Release|Any CPU
		{CFEAE448-171F-4C2A-B50E-D24373823DAF}.Release|Any CPU.Build.0 = Release|Any CPU
		{CFEAE448-171F-4C2A-B50E-D24373823DAF}.Release|Any CPU.Deploy.0 = Release|Any CPU
	EndGlobalSection
	GlobalSection(SolutionProperties) = preSolution
		HideSolutionNode = FALSE
	EndGlobalSection
	GlobalSection(ExtensibilityGlobals) = postSolution
		SolutionGuid = {8E0C4911-7F2C-46E2-854F-546B50AE8F5B}
	EndGlobalSection
EndGlobal
